
Microsoft Visual Studio Solution File, Format Version 11.00
# Visual Studio 2010
Project("{FAE04EC0-301F-11D3-BF4B-00C04F79EFBC}") = "Assembly-CSharp", "Assembly-CSharp.csproj", "{7772166E-BDFA-7E62-C765-2F0CE3B0F642}"
EndProject
Project("{FAE04EC0-301F-11D3-BF4B-00C04F79EFBC}") = "Assembly-CSharp-firstpass", "Assembly-CSharp-firstpass.csproj", "{0B812AFF-C9B1-B48B-EC34-972DF0A90F9B}"
EndProject
Project("{FAE04EC0-301F-11D3-BF4B-00C04F79EFBC}") = "Assembly-CSharp-Editor-firstpass", "Assembly-CSharp-Editor-firstpass.csproj", "{FCD318FC-B25C-8F8E-748A-575905C64A6F}"
EndProject
Project("{FAE04EC0-301F-11D3-BF4B-00C04F79EFBC}") = "Assembly-CSharp-Editor", "Assembly-CSharp-Editor.csproj", "{42D2E97E-8E78-015C-7B07-CF4ACC537280}"
EndProject
Global
	GlobalSection(SolutionConfigurationPlatforms) = preSolution
		Debug|Any CPU = Debug|Any CPU
		Release|Any CPU = Release|Any CPU
	EndGlobalSection
	GlobalSection(ProjectConfigurationPlatforms) = postSolution
		{7772166E-BDFA-7E62-C765-2F0CE3B0F642}.Debug|Any CPU.ActiveCfg = Debug|Any CPU
		{7772166E-BDFA-7E62-C765-2F0CE3B0F642}.Debug|Any CPU.Build.0 = Debug|Any CPU
		{7772166E-BDFA-7E62-C765-2F0CE3B0F642}.Release|Any CPU.ActiveCfg = Release|Any CPU
		{7772166E-BDFA-7E62-C765-2F0CE3B0F642}.Release|Any CPU.Build.0 = Release|Any CPU
		{0B812AFF-C9B1-B48B-EC34-972DF0A90F9B}.Debug|Any CPU.ActiveCfg = Debug|Any CPU
		{0B812AFF-C9B1-B48B-EC34-972DF0A90F9B}.Debug|Any CPU.Build.0 = Debug|Any CPU
		{0B812AFF-C9B1-B48B-EC34-972DF0A90F9B}.Release|Any CPU.ActiveCfg = Release|Any CPU
		{0B812AFF-C9B1-B48B-EC34-972DF0A90F9B}.Release|Any CPU.Build.0 = Release|Any CPU
		{FCD318FC-B25C-8F8E-748A-575905C64A6F}.Debug|Any CPU.ActiveCfg = Debug|Any CPU
		{FCD318FC-B25C-8F8E-748A-575905C64A6F}.Debug|Any CPU.Build.0 = Debug|Any CPU
		{FCD318FC-B25C-8F8E-748A-575905C64A6F}.Release|Any CPU.ActiveCfg = Release|Any CPU
		{FCD318FC-B25C-8F8E-748A-575905C64A6F}.Release|Any CPU.Build.0 = Release|Any CPU
		{42D2E97E-8E78-015C-7B07-CF4ACC537280}.Debug|Any CPU.ActiveCfg = Debug|Any CPU
		{42D2E97E-8E78-015C-7B07-CF4ACC537280}.Debug|Any CPU.Build.0 = Debug|Any CPU
		{42D2E97E-8E78-015C-7B07-CF4ACC537280}.Release|Any CPU.ActiveCfg = Release|Any CPU
		{42D2E97E-8E78-015C-7B07-CF4ACC537280}.Release|Any CPU.Build.0 = Release|Any CPU
	EndGlobalSection
	GlobalSection(SolutionProperties) = preSolution
		HideSolutionNode = FALSE
	EndGlobalSection
	GlobalSection(MonoDevelopProperties) = preSolution
		StartupItem = Assembly-CSharp.csproj
	EndGlobalSection
EndGlobal
